<?xml version="1.0" encoding="utf-8"?>
<Project ToolsVersion="4.0" xmlns="http://schemas.microsoft.com/developer/msbuild/2003">
  <ItemGroup>
    <Filter Include="Source Files">
      <UniqueIdentifier>{4FC737F1-C7A5-4376-A066-2A32D752A2FF}</UniqueIdentifier>
      <Extensions>cpp;c;cc;cxx;def;odl;idl;hpj;bat;asm;asmx</Extensions>
    </Filter>
    <Filter Include="Header Files">
      <UniqueIdentifier>{93995380-89BD-4b04-88EB-625FBE52EBFB}</UniqueIdentifier>
      <Extensions>h;hh;hpp;hxx;hm;inl;inc;xsd</Extensions>
    </Filter>
    <Filter Include="Resource Files">
      <UniqueIdentifier>{67DA6AB6-F800-4c08-8B7A-83BB121AAD01}</UniqueIdentifier>
      <Extensions>rc;ico;cur;bmp;dlg;rc2;rct;bin;rgs;gif;jpg;jpeg;jpe;resx;tiff;tif;png;wav;mfcribbon-ms</Extensions>
    </Filter>
  </ItemGroup>
  <ItemGroup>
    <None Include="Nmea183_Protocol.ino" />
    <None Include="ClassDiagram.cd" />
  </ItemGroup>
  <ItemGroup>
    <ClInclude Include="__vm\.Nmea183_Protocol.vsarduino.h">
      <Filter>Header Files</Filter>
    </ClInclude>
    <ClInclude Include="Nmea0183_Frame.h">
      <Filter>Header Files</Filter>
    </ClInclude>
    <ClInclude Include="Nmea0183_DataPosition.h">
      <Filter>Header Files</Filter>
    </ClInclude>
    <ClInclude Include="Nmea0183_DataWeather.h">
      <Filter>Header Files</Filter>
    </ClInclude>
    <ClInclude Include="Nmea0183_DataEngine.h">
      <Filter>Header Files</Filter>
    </ClInclude>
    <ClInclude Include="Nmea0183_DataWaypoint.h">
      <Filter>Header Files</Filter>
    </ClInclude>
    <ClInclude Include="Nmea0183_Receiver.h">
      <Filter>Header Files</Filter>
    </ClInclude>
    <ClInclude Include="Nmea0183_DataNavigation.h">
      <Filter>Header Files</Filter>
    </ClInclude>
    <ClInclude Include="Nmea0183_DataReader.h">
      <Filter>Header Files</Filter>
    </ClInclude>
    <ClInclude Include="Nmea0183_DataSender.h">
      <Filter>Header Files</Filter>
    </ClInclude>
    <ClInclude Include="Nmea0183_DataType.h">
      <Filter>Header Files</Filter>
    </ClInclude>
  </ItemGroup>
  <ItemGroup>
    <ClCompile Include="Nmea0183_Frame.cpp">
      <Filter>Source Files</Filter>
    </ClCompile>
    <ClCompile Include="Nmea0183_Receiver.cpp">
      <Filter>Source Files</Filter>
    </ClCompile>
    <ClCompile Include="Nmea0183_DataReader.cpp">
      <Filter>Source Files</Filter>
    </ClCompile>
    <ClCompile Include="Nmea0183_DataSender.cpp">
      <Filter>Source Files</Filter>
    </ClCompile>
  </ItemGroup>
</Project>